github.com/SebastianGines/figurasGo v0.0.0-20230110173444-89e95635bf5b h1:t5annSAN6DyWxO6v3PQ7SzhaaznQ3MPHGaojGBlcWeM=
github.com/SebastianGines/figurasGo v0.0.0-20230110173444-89e95635bf5b/go.mod h1:McbUPElg+fW1zryx03xvvP053E8q9OuDhRWHvnopKY4=
github.com/donvito/hellomod v1.0.1 h1:tOU3KDwvrGW7QUHXYQnk6YUD+92aTsRmJItJTD9f4I4=
github.com/donvito/hellomod v1.0.1/go.mod h1:DuOSvrBCwGkjX0WS5ohdpC/q67fS0Mde3LEM+2jeHSw=
